// !$*UTF8*$!
{
	archiveVersion = 1;
	classes = {
	};
	objectVersion = 46;
	objects = {

/* Begin PBXBuildFile section */
		80BFAD9C1A0281EB00C7149B /* AppDelegate.swift in Sources */ = {isa = PBXBuildFile; fileRef = 80BFAD9B1A0281EB00C7149B /* AppDelegate.swift */; };
		80BFAD9E1A0281EB00C7149B /* ViewController.swift in Sources */ = {isa = PBXBuildFile; fileRef = 80BFAD9D1A0281EB00C7149B /* ViewController.swift */; };
		80BFADA11A0281EB00C7149B /* Main.storyboard in Resources */ = {isa = PBXBuildFile; fileRef = 80BFAD9F1A0281EB00C7149B /* Main.storyboard */; };
		80BFADA31A0281EB00C7149B /* Images.xcassets in Resources */ = {isa = PBXBuildFile; fileRef = 80BFADA21A0281EB00C7149B /* Images.xcassets */; };
		80BFADA61A0281EB00C7149B /* LaunchScreen.xib in Resources */ = {isa = PBXBuildFile; fileRef = 80BFADA41A0281EB00C7149B /* LaunchScreen.xib */; };
		80BFADB21A0281EB00C7149B /* Last_fm_FinderTests.swift in Sources */ = {isa = PBXBuildFile; fileRef = 80BFADB11A0281EB00C7149B /* Last_fm_FinderTests.swift */; };
/* End PBXBuildFile section */

/* Begin PBXContainerItemProxy section */
		80BFADAC1A0281EB00C7149B /* PBXContainerItemProxy */ = {
			isa = PBXContainerItemProxy;
			containerPortal = 80BFAD8E1A0281EB00C7149B /* Project object */;
			proxyType = 1;
			remoteGlobalIDString = 80BFAD951A0281EB00C7149B;
			remoteInfo = "Last.fm Finder";
		};
/* End PBXContainerItemProxy section */

/* Begin PBXFileReference section */
		80BFAD961A0281EB00C7149B /* Last.fm Finder.app */ = {isa = PBXFileReference; explicitFileType = wrapper.application; includeInIndex = 0; path = "Last.fm Finder.app"; sourceTree = BUILT_PRODUCTS_DIR; };
		80BFAD9A1A0281EB00C7149B /* Info.plist */ = {isa = PBXFileReference; lastKnownFileType = text.plist.xml; path = Info.plist; sourceTree = "<group>"; };
		80BFAD9B1A0281EB00C7149B /* AppDelegate.swift */ = {isa = PBXFileReference; lastKnownFileType = sourcecode.swift; path = AppDelegate.swift; sourceTree = "<group>"; };
		80BFAD9D1A0281EB00C7149B /* ViewController.swift */ = {isa = PBXFileReference; lastKnownFileType = sourcecode.swift; path = ViewController.swift; sourceTree = "<group>"; };
		80BFADA01A0281EB00C7149B /* Base */ = {isa = PBXFileReference; lastKnownFileType = file.storyboard; name = Base; path = Base.lproj/Main.storyboard; sourceTree = "<group>"; };
		80BFADA21A0281EB00C7149B /* Images.xcassets */ = {isa = PBXFileReference; lastKnownFileType = folder.assetcatalog; path = Images.xcassets; sourceTree = "<group>"; };
		80BFADA51A0281EB00C7149B /* Base */ = {isa = PBXFileReference; lastKnownFileType = file.xib; name = Base; path = Base.lproj/LaunchScreen.xib; sourceTree = "<group>"; };
		80BFADAB1A0281EB00C7149B /* Last.fm FinderTests.xctest */ = {isa = PBXFileReference; explicitFileType = wrapper.cfbundle; includeInIndex = 0; path = "Last.fm FinderTests.xctest"; sourceTree = BUILT_PRODUCTS_DIR; };
		80BFADB01A0281EB00C7149B /* Info.plist */ = {isa = PBXFileReference; lastKnownFileType = text.plist.xml; path = Info.plist; sourceTree = "<group>"; };
		80BFADB11A0281EB00C7149B /* Last_fm_FinderTests.swift */ = {isa = PBXFileReference; lastKnownFileType = sourcecode.swift; path = Last_fm_FinderTests.swift; sourceTree = "<group>"; };
/* End PBXFileReference section */

/* Begin PBXFrameworksBuildPhase section */
		80BFAD931A0281EB00C7149B /* Frameworks */ = {
			isa = PBXFrameworksBuildPhase;
			buildActionMask = 2147483647;
			files = (
			);
			runOnlyForDeploymentPostprocessing = 0;
		};
		80BFADA81A0281EB00C7149B /* Frameworks */ = {
			isa = PBXFrameworksBuildPhase;
			buildActionMask = 2147483647;
			files = (
			);
			runOnlyForDeploymentPostprocessing = 0;
		};
/* End PBXFrameworksBuildPhase section */

/* Begin PBXGroup section */
		80BFAD8D1A0281EB00C7149B = {
			isa = PBXGroup;
			children = (
				80BFAD981A0281EB00C7149B /* Last.fm Finder */,
				80BFADAE1A0281EB00C7149B /* Last.fm FinderTests */,
				80BFAD971A0281EB00C7149B /* Products */,
			);
			sourceTree = "<group>";
		};
		80BFAD971A0281EB00C7149B /* Products */ = {
			isa = PBXGroup;
			children = (
				80BFAD961A0281EB00C7149B /* Last.fm Finder.app */,
				80BFADAB1A0281EB00C7149B /* Last.fm FinderTests.xctest */,
			);
			name = Products;
			sourceTree = "<group>";
		};
		80BFAD981A0281EB00C7149B /* Last.fm Finder */ = {
			isa = PBXGroup;
			children = (
				80BFAD9B1A0281EB00C7149B /* AppDelegate.swift */,
				80BFAD9D1A0281EB00C7149B /* ViewController.swift */,
				80BFAD9F1A0281EB00C7149B /* Main.storyboard */,
				80BFADA21A0281EB00C7149B /* Images.xcassets */,
				80BFADA41A0281EB00C7149B /* LaunchScreen.xib */,
				80BFAD991A0281EB00C7149B /* Supporting Files */,
			);
			path = "Last.fm Finder";
			sourceTree = "<group>";
		};
		80BFAD991A0281EB00C7149B /* Supporting Files */ = {
			isa = PBXGroup;
			children = (
				80BFAD9A1A0281EB00C7149B /* Info.plist */,
			);
			name = "Supporting Files";
			sourceTree = "<group>";
		};
		80BFADAE1A0281EB00C7149B /* Last.fm FinderTests */ = {
			isa = PBXGroup;
			children = (
				80BFADB11A0281EB00C7149B /* Last_fm_FinderTests.swift */,
				80BFADAF1A0281EB00C7149B /* Supporting Files */,
			);
			path = "Last.fm FinderTests";
			sourceTree = "<group>";
		};
		80BFADAF1A0281EB00C7149B /* Supporting Files */ = {
			isa = PBXGroup;
			children = (
				80BFADB01A0281EB00C7149B /* Info.plist */,
			);
			name = "Supporting Files";
			sourceTree = "<group>";
		};
/* End PBXGroup section */

/* Begin PBXNativeTarget section */
		80BFAD951A0281EB00C7149B /* Last.fm Finder */ = {
			isa = PBXNativeTarget;
			buildConfigurationList = 80BFADB51A0281EB00C7149B /* Build configuration list for PBXNativeTarget "Last.fm Finder" */;
			buildPhases = (
				80BFAD921A0281EB00C7149B /* Sources */,
				80BFAD931A0281EB00C7149B /* Frameworks */,
				80BFAD941A0281EB00C7149B /* Resources */,
			);
			buildRules = (
			);
			dependencies = (
			);
			name = "Last.fm Finder";
			productName = "Last.fm Finder";
			productReference = 80BFAD961A0281EB00C7149B /* Last.fm Finder.app */;
			productType = "com.apple.product-type.application";
		};
		80BFADAA1A0281EB00C7149B /* Last.fm FinderTests */ = {
			isa = PBXNativeTarget;
			buildConfigurationList = 80BFADB81A0281EB00C7149B /* Build configuration list for PBXNativeTarget "Last.fm FinderTests" */;
			buildPhases = (
				80BFADA71A0281EB00C7149B /* Sources */,
				80BFADA81A0281EB00C7149B /* Frameworks */,
				80BFADA91A0281EB00C7149B /* Resources */,
			);
			buildRules = (
			);
			dependencies = (
				80BFADAD1A0281EB00C7149B /* PBXTargetDependency */,
			);
			name = "Last.fm FinderTests";
			productName = "Last.fm FinderTests";
			productReference = 80BFADAB1A0281EB00C7149B /* Last.fm FinderTests.xctest */;
			productType = "com.apple.product-type.bundle.unit-test";
		};
/* End PBXNativeTarget section */

/* Begin PBXProject section */
		80BFAD8E1A0281EB00C7149B /* Project object */ = {
			isa = PBXProject;
			attributes = {
				LastUpgradeCheck = 0610;
				ORGANIZATIONNAME = "Lukas Streiter";
				TargetAttributes = {
					80BFAD951A0281EB00C7149B = {
						CreatedOnToolsVersion = 6.1;
					};
					80BFADAA1A0281EB00C7149B = {
						CreatedOnToolsVersion = 6.1;
						TestTargetID = 80BFAD951A0281EB00C7149B;
					};
				};
			};
			buildConfigurationList = 80BFAD911A0281EB00C7149B /* Build configuration list for PBXProject "Last.fm Finder" */;
			compatibilityVersion = "Xcode 3.2";
			developmentRegion = English;
			hasScannedForEncodings = 0;
			knownRegions = (
				en,
				Base,
			);
			mainGroup = 80BFAD8D1A0281EB00C7149B;
			productRefGroup = 80BFAD971A0281EB00C7149B /* Products */;
			projectDirPath = "";
			projectRoot = "";
			targets = (
				80BFAD951A0281EB00C7149B /* Last.fm Finder */,
				80BFADAA1A0281EB00C7149B /* Last.fm FinderTests */,
			);
		};
/* End PBXProject section */

/* Begin PBXResourcesBuildPhase section */
		80BFAD941A0281EB00C7149B /* Resources */ = {
			isa = PBXResourcesBuildPhase;
			buildActionMask = 2147483647;
			files = (
				80BFADA11A0281EB00C7149B /* Main.storyboard in Resources */,
				80BFADA61A0281EB00C7149B /* LaunchScreen.xib in Resources */,
				80BFADA31A0281EB00C7149B /* Images.xcassets in Resources */,
			);
			runOnlyForDeploymentPostprocessing = 0;
		};
		80BFADA91A0281EB00C7149B /* Resources */ = {
			isa = PBXResourcesBuildPhase;
			buildActionMask = 2147483647;
			files = (
			);
			runOnlyForDeploymentPostprocessing = 0;
		};
/* End PBXResourcesBuildPhase section */

/* Begin PBXSourcesBuildPhase section */
		80BFAD921A0281EB00C7149B /* Sources */ = {
			isa = PBXSourcesBuildPhase;
			buildActionMask = 2147483647;
			files = (
				80BFAD9E1A0281EB00C7149B /* ViewController.swift in Sources */,
				80BFAD9C1A0281EB00C7149B /* AppDelegate.swift in Sources */,
			);
			runOnlyForDeploymentPostprocessing = 0;
		};
		80BFADA71A0281EB00C7149B /* Sources */ = {
			isa = PBXSourcesBuildPhase;
			buildActionMask = 2147483647;
			files = (
				80BFADB21A0281EB00C7149B /* Last_fm_FinderTests.swift in Sources */,
			);
			runOnlyForDeploymentPostprocessing = 0;
		};
/* End PBXSourcesBuildPhase section */

/* Begin PBXTargetDependency section */
		80BFADAD1A0281EB00C7149B /* PBXTargetDependency */ = {
			isa = PBXTargetDependency;
			target = 80BFAD951A0281EB00C7149B /* Last.fm Finder */;
			targetProxy = 80BFADAC1A0281EB00C7149B /* PBXContainerItemProxy */;
		};
/* End PBXTargetDependency section */

/* Begin PBXVariantGroup section */
		80BFAD9F1A0281EB00C7149B /* Main.storyboard */ = {
			isa = PBXVariantGroup;
			children = (
				80BFADA01A0281EB00C7149B /* Base */,
			);
			name = Main.storyboard;
			sourceTree = "<group>";
		};
		80BFADA41A0281EB00C7149B /* LaunchScreen.xib */ = {
			isa = PBXVariantGroup;
			children = (
				80BFADA51A0281EB00C7149B /* Base */,
			);
			name = LaunchScreen.xib;
			sourceTree = "<group>";
		};
/* End PBXVariantGroup section */

/* Begin XCBuildConfiguration section */
		80BFADB31A0281EB00C7149B /* Debug */ = {
			isa = XCBuildConfiguration;
			buildSettings = {
				ALWAYS_SEARCH_USER_PATHS = NO;
				CLANG_CXX_LANGUAGE_STANDARD = "gnu++0x";
				CLANG_CXX_LIBRARY = "libc++";
				CLANG_ENABLE_MODULES = YES;
				CLANG_ENABLE_OBJC_ARC = YES;
				CLANG_WARN_BOOL_CONVERSION = YES;
				CLANG_WARN_CONSTANT_CONVERSION = YES;
				CLANG_WARN_DIRECT_OBJC_ISA_USAGE = YES_ERROR;
				CLANG_WARN_EMPTY_BODY = YES;
				CLANG_WARN_ENUM_CONVERSION = YES;
				CLANG_WARN_INT_CONVERSION = YES;
				CLANG_WARN_OBJC_ROOT_CLASS = YES_ERROR;
				CLANG_WARN_UNREACHABLE_CODE = YES;
				CLANG_WARN__DUPLICATE_METHOD_MATCH = YES;
				"CODE_SIGN_IDENTITY[sdk=iphoneos*]" = "iPhone Developer";
				COPY_PHASE_STRIP = NO;
				ENABLE_STRICT_OBJC_MSGSEND = YES;
				GCC_C_LANGUAGE_STANDARD = gnu99;
				GCC_DYNAMIC_NO_PIC = NO;
				GCC_OPTIMIZATION_LEVEL = 0;
				GCC_PREPROCESSOR_DEFINITIONS = (
					"DEBUG=1",
					"$(inherited)",
				);
				GCC_SYMBOLS_PRIVATE_EXTERN = NO;
				GCC_WARN_64_TO_32_BIT_CONVERSION = YES;
				GCC_WARN_ABOUT_RETURN_TYPE = YES_ERROR;
				GCC_WARN_UNDECLARED_SELECTOR = YES;
				GCC_WARN_UNINITIALIZED_AUTOS = YES_AGGRESSIVE;
				GCC_WARN_UNUSED_FUNCTION = YES;
				GCC_WARN_UNUSED_VARIABLE = YES;
				IPHONEOS_DEPLOYMENT_TARGET = 8.1;
				MTL_ENABLE_DEBUG_INFO = YES;
				ONLY_ACTIVE_ARCH = YES;
				SDKROOT = iphoneos;
				SWIFT_OPTIMIZATION_LEVEL = "-Onone";
			};
			name = Debug;
		};
		80BFADB41A0281EB00C7149B /* Release */ = {
			isa = XCBuildConfiguration;
			buildSettings = {
				ALWAYS_SEARCH_USER_PATHS = NO;
				CLANG_CXX_LANGUAGE_STANDARD = "gnu++0x";
				CLANG_CXX_LIBRARY = "libc++";
				CLANG_ENABLE_MODULES = YES;
				CLANG_ENABLE_OBJC_ARC = YES;
				CLANG_WARN_BOOL_CONVERSION = YES;
				CLANG_WARN_CONSTANT_CONVERSION = YES;
				CLANG_WARN_DIRECT_OBJC_ISA_USAGE = YES_ERROR;
				CLANG_WARN_EMPTY_BODY = YES;
				CLANG_WARN_ENUM_CONVERSION = YES;
				CLANG_WARN_INT_CONVERSION = YES;
				CLANG_WARN_OBJC_ROOT_CLASS = YES_ERROR;
				CLANG_WARN_UNREACHABLE_CODE = YES;
				CLANG_WARN__DUPLICATE_METHOD_MATCH = YES;
				"CODE_SIGN_IDENTITY[sdk=iphoneos*]" = "iPhone Developer";
				COPY_PHASE_STRIP = YES;
				ENABLE_NS_ASSERTIONS = NO;
				ENABLE_STRICT_OBJC_MSGSEND = YES;
				GCC_C_LANGUAGE_STANDARD = gnu99;
				GCC_WARN_64_TO_32_BIT_CONVERSION = YES;
				GCC_WARN_ABOUT_RETURN_TYPE = YES_ERROR;
				GCC_WARN_UNDECLARED_SELECTOR = YES;
				GCC_WARN_UNINITIALIZED_AUTOS = YES_AGGRESSIVE;
				GCC_WARN_UNUSED_FUNCTION = YES;
				GCC_WARN_UNUSED_VARIABLE = YES;
				IPHONEOS_DEPLOYMENT_TARGET = 8.1;
				MTL_ENABLE_DEBUG_INFO = NO;
				SDKROOT = iphoneos;
				VALIDATE_PRODUCT = YES;
			};
			name = Release;
		};
		80BFADB61A0281EB00C7149B /* Debug */ = {
			isa = XCBuildConfiguration;
			buildSettings = {
				ASSETCATALOG_COMPILER_APPICON_NAME = AppIcon;
				INFOPLIST_FILE = "Last.fm Finder/Info.plist";
				LD_RUNPATH_SEARCH_PATHS = "$(inherited) @executable_path/Frameworks";
				PRODUCT_NAME = "$(TARGET_NAME)";
				TARGETED_DEVICE_FAMILY = 1;
			};
			name = Debug;
		};
		80BFADB71A0281EB00C7149B /* Release */ = {
			isa = XCBuildConfiguration;
			buildSettings = {
				ASSETCATALOG_COMPILER_APPICON_NAME = AppIcon;
				INFOPLIST_FILE = "Last.fm Finder/Info.plist";
				LD_RUNPATH_SEARCH_PATHS = "$(inherited) @executable_path/Frameworks";
				PRODUCT_NAME = "$(TARGET_NAME)";
				TARGETED_DEVICE_FAMILY = 1;
			};
			name = Release;
		};
		80BFADB91A0281EB00C7149B /* Debug */ = {
			isa = XCBuildConfiguration;
			buildSettings = {
				BUNDLE_LOADER = "$(TEST_HOST)";
				FRAMEWORK_SEARCH_PATHS = (
					"$(SDKROOT)/Developer/Library/Frameworks",
					"$(inherited)",
				);
				GCC_PREPROCESSOR_DEFINITIONS = (
					"DEBUG=1",
					"$(inherited)",
				);
				INFOPLIST_FILE = "Last.fm FinderTests/Info.plist";
				LD_RUNPATH_SEARCH_PATHS = "$(inherited) @executable_path/Frameworks @loader_path/Frameworks";
				PRODUCT_NAME = "$(TARGET_NAME)";
				TEST_HOST = "$(BUILT_PRODUCTS_DIR)/Last.fm Finder.app/Last.fm Finder";
			};
			name = Debug;
		};
		80BFADBA1A0281EB00C7149B /* Release */ = {
			isa = XCBuildConfiguration;
			buildSettings = {
				BUNDLE_LOADER = "$(TEST_HOST)";
				FRAMEWORK_SEARCH_PATHS = (
					"$(SDKROOT)/Developer/Library/Frameworks",
					"$(inherited)",
				);
				INFOPLIST_FILE = "Last.fm FinderTests/Info.plist";
				LD_RUNPATH_SEARCH_PATHS = "$(inherited) @executable_path/Frameworks @loader_path/Frameworks";
				PRODUCT_NAME = "$(TARGET_NAME)";
				TEST_HOST = "$(BUILT_PRODUCTS_DIR)/Last.fm Finder.app/Last.fm Finder";
			};
			name = Release;
		};
/* End XCBuildConfiguration section */

/* Begin XCConfigurationList section */
		80BFAD911A0281EB00C7149B /* Build configuration list for PBXProject "Last.fm Finder" */ = {
			isa = XCConfigurationList;
			buildConfigurations = (
				80BFADB31A0281EB00C7149B /* Debug */,
				80BFADB41A0281EB00C7149B /* Release */,
			);
			defaultConfigurationIsVisible = 0;
			defaultConfigurationName = Release;
		};
		80BFADB51A0281EB00C7149B /* Build configuration list for PBXNativeTarget "Last.fm Finder" */ = {
			isa = XCConfigurationList;
			buildConfigurations = (
				80BFADB61A0281EB00C7149B /* Debug */,
				80BFADB71A0281EB00C7149B /* Release */,
			);
			defaultConfigurationIsVisible = 0;
		};
		80BFADB81A0281EB00C7149B /* Build configuration list for PBXNativeTarget "Last.fm FinderTests" */ = {
			isa = XCConfigurationList;
			buildConfigurations = (
				80BFADB91A0281EB00C7149B /* Debug */,
				80BFADBA1A0281EB00C7149B /* Release */,
			);
			defaultConfigurationIsVisible = 0;
		};
/* End XCConfigurationList section */
	};
	rootObject = 80BFAD8E1A0281EB00C7149B /* Project object */;
}
