// !$*UTF8*$!
{
	archiveVersion = 1;
	classes = {
	};
	objectVersion = 46;
	objects = {

/* Begin PBXBuildFile section */
		80322E761A136D49009BB8BE /* AppDelegate.swift in Sources */ = {isa = PBXBuildFile; fileRef = 80322E751A136D49009BB8BE /* AppDelegate.swift */; };
		80322E791A136D49009BB8BE /* Last_fm_Finder.xcdatamodeld in Sources */ = {isa = PBXBuildFile; fileRef = 80322E771A136D49009BB8BE /* Last_fm_Finder.xcdatamodeld */; };
		80322E7B1A136D49009BB8BE /* HomeViewController.swift in Sources */ = {isa = PBXBuildFile; fileRef = 80322E7A1A136D49009BB8BE /* HomeViewController.swift */; };
		80322E7E1A136D49009BB8BE /* Main.storyboard in Resources */ = {isa = PBXBuildFile; fileRef = 80322E7C1A136D49009BB8BE /* Main.storyboard */; };
		80322E801A136D49009BB8BE /* Images.xcassets in Resources */ = {isa = PBXBuildFile; fileRef = 80322E7F1A136D49009BB8BE /* Images.xcassets */; };
		80322E831A136D49009BB8BE /* LaunchScreen.xib in Resources */ = {isa = PBXBuildFile; fileRef = 80322E811A136D49009BB8BE /* LaunchScreen.xib */; };
		80322E8F1A136D49009BB8BE /* Last_fm_FinderTests.swift in Sources */ = {isa = PBXBuildFile; fileRef = 80322E8E1A136D49009BB8BE /* Last_fm_FinderTests.swift */; };
		809F6DBC1A1371C400253469 /* ArtistViewController.swift in Sources */ = {isa = PBXBuildFile; fileRef = 809F6DBB1A1371C400253469 /* ArtistViewController.swift */; };
/* End PBXBuildFile section */

/* Begin PBXContainerItemProxy section */
		80322E891A136D49009BB8BE /* PBXContainerItemProxy */ = {
			isa = PBXContainerItemProxy;
			containerPortal = 80322E681A136D49009BB8BE /* Project object */;
			proxyType = 1;
			remoteGlobalIDString = 80322E6F1A136D49009BB8BE;
			remoteInfo = "Last.fm Finder";
		};
/* End PBXContainerItemProxy section */

/* Begin PBXFileReference section */
		80322E701A136D49009BB8BE /* Last.fm Finder.app */ = {isa = PBXFileReference; explicitFileType = wrapper.application; includeInIndex = 0; path = "Last.fm Finder.app"; sourceTree = BUILT_PRODUCTS_DIR; };
		80322E741A136D49009BB8BE /* Info.plist */ = {isa = PBXFileReference; lastKnownFileType = text.plist.xml; path = Info.plist; sourceTree = "<group>"; };
		80322E751A136D49009BB8BE /* AppDelegate.swift */ = {isa = PBXFileReference; lastKnownFileType = sourcecode.swift; path = AppDelegate.swift; sourceTree = "<group>"; };
		80322E781A136D49009BB8BE /* Last_fm_Finder.xcdatamodel */ = {isa = PBXFileReference; lastKnownFileType = wrapper.xcdatamodel; path = Last_fm_Finder.xcdatamodel; sourceTree = "<group>"; };
		80322E7A1A136D49009BB8BE /* HomeViewController.swift */ = {isa = PBXFileReference; lastKnownFileType = sourcecode.swift; path = HomeViewController.swift; sourceTree = "<group>"; };
		80322E7D1A136D49009BB8BE /* Base */ = {isa = PBXFileReference; lastKnownFileType = file.storyboard; name = Base; path = Base.lproj/Main.storyboard; sourceTree = "<group>"; };
		80322E7F1A136D49009BB8BE /* Images.xcassets */ = {isa = PBXFileReference; lastKnownFileType = folder.assetcatalog; path = Images.xcassets; sourceTree = "<group>"; };
		80322E821A136D49009BB8BE /* Base */ = {isa = PBXFileReference; lastKnownFileType = file.xib; name = Base; path = Base.lproj/LaunchScreen.xib; sourceTree = "<group>"; };
		80322E881A136D49009BB8BE /* Last.fm FinderTests.xctest */ = {isa = PBXFileReference; explicitFileType = wrapper.cfbundle; includeInIndex = 0; path = "Last.fm FinderTests.xctest"; sourceTree = BUILT_PRODUCTS_DIR; };
		80322E8D1A136D49009BB8BE /* Info.plist */ = {isa = PBXFileReference; lastKnownFileType = text.plist.xml; path = Info.plist; sourceTree = "<group>"; };
		80322E8E1A136D49009BB8BE /* Last_fm_FinderTests.swift */ = {isa = PBXFileReference; lastKnownFileType = sourcecode.swift; path = Last_fm_FinderTests.swift; sourceTree = "<group>"; };
		809F6DBB1A1371C400253469 /* ArtistViewController.swift */ = {isa = PBXFileReference; fileEncoding = 4; lastKnownFileType = sourcecode.swift; path = ArtistViewController.swift; sourceTree = "<group>"; };
/* End PBXFileReference section */

/* Begin PBXFrameworksBuildPhase section */
		80322E6D1A136D49009BB8BE /* Frameworks */ = {
			isa = PBXFrameworksBuildPhase;
			buildActionMask = 2147483647;
			files = (
			);
			runOnlyForDeploymentPostprocessing = 0;
		};
		80322E851A136D49009BB8BE /* Frameworks */ = {
			isa = PBXFrameworksBuildPhase;
			buildActionMask = 2147483647;
			files = (
			);
			runOnlyForDeploymentPostprocessing = 0;
		};
/* End PBXFrameworksBuildPhase section */

/* Begin PBXGroup section */
		80322E671A136D49009BB8BE = {
			isa = PBXGroup;
			children = (
				80322E721A136D49009BB8BE /* Last.fm Finder */,
				80322E8B1A136D49009BB8BE /* Last.fm FinderTests */,
				80322E711A136D49009BB8BE /* Products */,
			);
			sourceTree = "<group>";
		};
		80322E711A136D49009BB8BE /* Products */ = {
			isa = PBXGroup;
			children = (
				80322E701A136D49009BB8BE /* Last.fm Finder.app */,
				80322E881A136D49009BB8BE /* Last.fm FinderTests.xctest */,
			);
			name = Products;
			sourceTree = "<group>";
		};
		80322E721A136D49009BB8BE /* Last.fm Finder */ = {
			isa = PBXGroup;
			children = (
				809F6DBA1A1371A000253469 /* ViewControllers */,
				80322E751A136D49009BB8BE /* AppDelegate.swift */,
				80322E7C1A136D49009BB8BE /* Main.storyboard */,
				80322E7F1A136D49009BB8BE /* Images.xcassets */,
				80322E811A136D49009BB8BE /* LaunchScreen.xib */,
				80322E771A136D49009BB8BE /* Last_fm_Finder.xcdatamodeld */,
				80322E731A136D49009BB8BE /* Supporting Files */,
			);
			path = "Last.fm Finder";
			sourceTree = "<group>";
		};
		80322E731A136D49009BB8BE /* Supporting Files */ = {
			isa = PBXGroup;
			children = (
				80322E741A136D49009BB8BE /* Info.plist */,
			);
			name = "Supporting Files";
			sourceTree = "<group>";
		};
		80322E8B1A136D49009BB8BE /* Last.fm FinderTests */ = {
			isa = PBXGroup;
			children = (
				80322E8E1A136D49009BB8BE /* Last_fm_FinderTests.swift */,
				80322E8C1A136D49009BB8BE /* Supporting Files */,
			);
			path = "Last.fm FinderTests";
			sourceTree = "<group>";
		};
		80322E8C1A136D49009BB8BE /* Supporting Files */ = {
			isa = PBXGroup;
			children = (
				80322E8D1A136D49009BB8BE /* Info.plist */,
			);
			name = "Supporting Files";
			sourceTree = "<group>";
		};
		809F6DBA1A1371A000253469 /* ViewControllers */ = {
			isa = PBXGroup;
			children = (
				80322E7A1A136D49009BB8BE /* HomeViewController.swift */,
				809F6DBB1A1371C400253469 /* ArtistViewController.swift */,
			);
			name = ViewControllers;
			sourceTree = "<group>";
		};
/* End PBXGroup section */

/* Begin PBXNativeTarget section */
		80322E6F1A136D49009BB8BE /* Last.fm Finder */ = {
			isa = PBXNativeTarget;
			buildConfigurationList = 80322E921A136D49009BB8BE /* Build configuration list for PBXNativeTarget "Last.fm Finder" */;
			buildPhases = (
				80322E6C1A136D49009BB8BE /* Sources */,
				80322E6D1A136D49009BB8BE /* Frameworks */,
				80322E6E1A136D49009BB8BE /* Resources */,
			);
			buildRules = (
			);
			dependencies = (
			);
			name = "Last.fm Finder";
			productName = "Last.fm Finder";
			productReference = 80322E701A136D49009BB8BE /* Last.fm Finder.app */;
			productType = "com.apple.product-type.application";
		};
		80322E871A136D49009BB8BE /* Last.fm FinderTests */ = {
			isa = PBXNativeTarget;
			buildConfigurationList = 80322E951A136D49009BB8BE /* Build configuration list for PBXNativeTarget "Last.fm FinderTests" */;
			buildPhases = (
				80322E841A136D49009BB8BE /* Sources */,
				80322E851A136D49009BB8BE /* Frameworks */,
				80322E861A136D49009BB8BE /* Resources */,
			);
			buildRules = (
			);
			dependencies = (
				80322E8A1A136D49009BB8BE /* PBXTargetDependency */,
			);
			name = "Last.fm FinderTests";
			productName = "Last.fm FinderTests";
			productReference = 80322E881A136D49009BB8BE /* Last.fm FinderTests.xctest */;
			productType = "com.apple.product-type.bundle.unit-test";
		};
/* End PBXNativeTarget section */

/* Begin PBXProject section */
		80322E681A136D49009BB8BE /* Project object */ = {
			isa = PBXProject;
			attributes = {
				LastUpgradeCheck = 0610;
				ORGANIZATIONNAME = "Lukas Streiter";
				TargetAttributes = {
					80322E6F1A136D49009BB8BE = {
						CreatedOnToolsVersion = 6.1;
					};
					80322E871A136D49009BB8BE = {
						CreatedOnToolsVersion = 6.1;
						TestTargetID = 80322E6F1A136D49009BB8BE;
					};
				};
			};
			buildConfigurationList = 80322E6B1A136D49009BB8BE /* Build configuration list for PBXProject "Last.fm Finder" */;
			compatibilityVersion = "Xcode 3.2";
			developmentRegion = English;
			hasScannedForEncodings = 0;
			knownRegions = (
				en,
				Base,
			);
			mainGroup = 80322E671A136D49009BB8BE;
			productRefGroup = 80322E711A136D49009BB8BE /* Products */;
			projectDirPath = "";
			projectRoot = "";
			targets = (
				80322E6F1A136D49009BB8BE /* Last.fm Finder */,
				80322E871A136D49009BB8BE /* Last.fm FinderTests */,
			);
		};
/* End PBXProject section */

/* Begin PBXResourcesBuildPhase section */
		80322E6E1A136D49009BB8BE /* Resources */ = {
			isa = PBXResourcesBuildPhase;
			buildActionMask = 2147483647;
			files = (
				80322E7E1A136D49009BB8BE /* Main.storyboard in Resources */,
				80322E831A136D49009BB8BE /* LaunchScreen.xib in Resources */,
				80322E801A136D49009BB8BE /* Images.xcassets in Resources */,
			);
			runOnlyForDeploymentPostprocessing = 0;
		};
		80322E861A136D49009BB8BE /* Resources */ = {
			isa = PBXResourcesBuildPhase;
			buildActionMask = 2147483647;
			files = (
			);
			runOnlyForDeploymentPostprocessing = 0;
		};
/* End PBXResourcesBuildPhase section */

/* Begin PBXSourcesBuildPhase section */
		80322E6C1A136D49009BB8BE /* Sources */ = {
			isa = PBXSourcesBuildPhase;
			buildActionMask = 2147483647;
			files = (
				80322E7B1A136D49009BB8BE /* HomeViewController.swift in Sources */,
				80322E791A136D49009BB8BE /* Last_fm_Finder.xcdatamodeld in Sources */,
				80322E761A136D49009BB8BE /* AppDelegate.swift in Sources */,
				809F6DBC1A1371C400253469 /* ArtistViewController.swift in Sources */,
			);
			runOnlyForDeploymentPostprocessing = 0;
		};
		80322E841A136D49009BB8BE /* Sources */ = {
			isa = PBXSourcesBuildPhase;
			buildActionMask = 2147483647;
			files = (
				80322E8F1A136D49009BB8BE /* Last_fm_FinderTests.swift in Sources */,
			);
			runOnlyForDeploymentPostprocessing = 0;
		};
/* End PBXSourcesBuildPhase section */

/* Begin PBXTargetDependency section */
		80322E8A1A136D49009BB8BE /* PBXTargetDependency */ = {
			isa = PBXTargetDependency;
			target = 80322E6F1A136D49009BB8BE /* Last.fm Finder */;
			targetProxy = 80322E891A136D49009BB8BE /* PBXContainerItemProxy */;
		};
/* End PBXTargetDependency section */

/* Begin PBXVariantGroup section */
		80322E7C1A136D49009BB8BE /* Main.storyboard */ = {
			isa = PBXVariantGroup;
			children = (
				80322E7D1A136D49009BB8BE /* Base */,
			);
			name = Main.storyboard;
			sourceTree = "<group>";
		};
		80322E811A136D49009BB8BE /* LaunchScreen.xib */ = {
			isa = PBXVariantGroup;
			children = (
				80322E821A136D49009BB8BE /* Base */,
			);
			name = LaunchScreen.xib;
			sourceTree = "<group>";
		};
/* End PBXVariantGroup section */

/* Begin XCBuildConfiguration section */
		80322E901A136D49009BB8BE /* Debug */ = {
			isa = XCBuildConfiguration;
			buildSettings = {
				ALWAYS_SEARCH_USER_PATHS = NO;
				CLANG_CXX_LANGUAGE_STANDARD = "gnu++0x";
				CLANG_CXX_LIBRARY = "libc++";
				CLANG_ENABLE_MODULES = YES;
				CLANG_ENABLE_OBJC_ARC = YES;
				CLANG_WARN_BOOL_CONVERSION = YES;
				CLANG_WARN_CONSTANT_CONVERSION = YES;
				CLANG_WARN_DIRECT_OBJC_ISA_USAGE = YES_ERROR;
				CLANG_WARN_EMPTY_BODY = YES;
				CLANG_WARN_ENUM_CONVERSION = YES;
				CLANG_WARN_INT_CONVERSION = YES;
				CLANG_WARN_OBJC_ROOT_CLASS = YES_ERROR;
				CLANG_WARN_UNREACHABLE_CODE = YES;
				CLANG_WARN__DUPLICATE_METHOD_MATCH = YES;
				"CODE_SIGN_IDENTITY[sdk=iphoneos*]" = "iPhone Developer";
				COPY_PHASE_STRIP = NO;
				ENABLE_STRICT_OBJC_MSGSEND = YES;
				GCC_C_LANGUAGE_STANDARD = gnu99;
				GCC_DYNAMIC_NO_PIC = NO;
				GCC_OPTIMIZATION_LEVEL = 0;
				GCC_PREPROCESSOR_DEFINITIONS = (
					"DEBUG=1",
					"$(inherited)",
				);
				GCC_SYMBOLS_PRIVATE_EXTERN = NO;
				GCC_WARN_64_TO_32_BIT_CONVERSION = YES;
				GCC_WARN_ABOUT_RETURN_TYPE = YES_ERROR;
				GCC_WARN_UNDECLARED_SELECTOR = YES;
				GCC_WARN_UNINITIALIZED_AUTOS = YES_AGGRESSIVE;
				GCC_WARN_UNUSED_FUNCTION = YES;
				GCC_WARN_UNUSED_VARIABLE = YES;
				IPHONEOS_DEPLOYMENT_TARGET = 8.1;
				MTL_ENABLE_DEBUG_INFO = YES;
				ONLY_ACTIVE_ARCH = YES;
				SDKROOT = iphoneos;
				SWIFT_OPTIMIZATION_LEVEL = "-Onone";
			};
			name = Debug;
		};
		80322E911A136D49009BB8BE /* Release */ = {
			isa = XCBuildConfiguration;
			buildSettings = {
				ALWAYS_SEARCH_USER_PATHS = NO;
				CLANG_CXX_LANGUAGE_STANDARD = "gnu++0x";
				CLANG_CXX_LIBRARY = "libc++";
				CLANG_ENABLE_MODULES = YES;
				CLANG_ENABLE_OBJC_ARC = YES;
				CLANG_WARN_BOOL_CONVERSION = YES;
				CLANG_WARN_CONSTANT_CONVERSION = YES;
				CLANG_WARN_DIRECT_OBJC_ISA_USAGE = YES_ERROR;
				CLANG_WARN_EMPTY_BODY = YES;
				CLANG_WARN_ENUM_CONVERSION = YES;
				CLANG_WARN_INT_CONVERSION = YES;
				CLANG_WARN_OBJC_ROOT_CLASS = YES_ERROR;
				CLANG_WARN_UNREACHABLE_CODE = YES;
				CLANG_WARN__DUPLICATE_METHOD_MATCH = YES;
				"CODE_SIGN_IDENTITY[sdk=iphoneos*]" = "iPhone Developer";
				COPY_PHASE_STRIP = YES;
				ENABLE_NS_ASSERTIONS = NO;
				ENABLE_STRICT_OBJC_MSGSEND = YES;
				GCC_C_LANGUAGE_STANDARD = gnu99;
				GCC_WARN_64_TO_32_BIT_CONVERSION = YES;
				GCC_WARN_ABOUT_RETURN_TYPE = YES_ERROR;
				GCC_WARN_UNDECLARED_SELECTOR = YES;
				GCC_WARN_UNINITIALIZED_AUTOS = YES_AGGRESSIVE;
				GCC_WARN_UNUSED_FUNCTION = YES;
				GCC_WARN_UNUSED_VARIABLE = YES;
				IPHONEOS_DEPLOYMENT_TARGET = 8.1;
				MTL_ENABLE_DEBUG_INFO = NO;
				SDKROOT = iphoneos;
				VALIDATE_PRODUCT = YES;
			};
			name = Release;
		};
		80322E931A136D49009BB8BE /* Debug */ = {
			isa = XCBuildConfiguration;
			buildSettings = {
				ASSETCATALOG_COMPILER_APPICON_NAME = AppIcon;
				INFOPLIST_FILE = "Last.fm Finder/Info.plist";
				LD_RUNPATH_SEARCH_PATHS = "$(inherited) @executable_path/Frameworks";
				PRODUCT_NAME = "$(TARGET_NAME)";
			};
			name = Debug;
		};
		80322E941A136D49009BB8BE /* Release */ = {
			isa = XCBuildConfiguration;
			buildSettings = {
				ASSETCATALOG_COMPILER_APPICON_NAME = AppIcon;
				INFOPLIST_FILE = "Last.fm Finder/Info.plist";
				LD_RUNPATH_SEARCH_PATHS = "$(inherited) @executable_path/Frameworks";
				PRODUCT_NAME = "$(TARGET_NAME)";
			};
			name = Release;
		};
		80322E961A136D49009BB8BE /* Debug */ = {
			isa = XCBuildConfiguration;
			buildSettings = {
				BUNDLE_LOADER = "$(TEST_HOST)";
				FRAMEWORK_SEARCH_PATHS = (
					"$(SDKROOT)/Developer/Library/Frameworks",
					"$(inherited)",
				);
				GCC_PREPROCESSOR_DEFINITIONS = (
					"DEBUG=1",
					"$(inherited)",
				);
				INFOPLIST_FILE = "Last.fm FinderTests/Info.plist";
				LD_RUNPATH_SEARCH_PATHS = "$(inherited) @executable_path/Frameworks @loader_path/Frameworks";
				PRODUCT_NAME = "$(TARGET_NAME)";
				TEST_HOST = "$(BUILT_PRODUCTS_DIR)/Last.fm Finder.app/Last.fm Finder";
			};
			name = Debug;
		};
		80322E971A136D49009BB8BE /* Release */ = {
			isa = XCBuildConfiguration;
			buildSettings = {
				BUNDLE_LOADER = "$(TEST_HOST)";
				FRAMEWORK_SEARCH_PATHS = (
					"$(SDKROOT)/Developer/Library/Frameworks",
					"$(inherited)",
				);
				INFOPLIST_FILE = "Last.fm FinderTests/Info.plist";
				LD_RUNPATH_SEARCH_PATHS = "$(inherited) @executable_path/Frameworks @loader_path/Frameworks";
				PRODUCT_NAME = "$(TARGET_NAME)";
				TEST_HOST = "$(BUILT_PRODUCTS_DIR)/Last.fm Finder.app/Last.fm Finder";
			};
			name = Release;
		};
/* End XCBuildConfiguration section */

/* Begin XCConfigurationList section */
		80322E6B1A136D49009BB8BE /* Build configuration list for PBXProject "Last.fm Finder" */ = {
			isa = XCConfigurationList;
			buildConfigurations = (
				80322E901A136D49009BB8BE /* Debug */,
				80322E911A136D49009BB8BE /* Release */,
			);
			defaultConfigurationIsVisible = 0;
			defaultConfigurationName = Release;
		};
		80322E921A136D49009BB8BE /* Build configuration list for PBXNativeTarget "Last.fm Finder" */ = {
			isa = XCConfigurationList;
			buildConfigurations = (
				80322E931A136D49009BB8BE /* Debug */,
				80322E941A136D49009BB8BE /* Release */,
			);
			defaultConfigurationIsVisible = 0;
			defaultConfigurationName = Release;
		};
		80322E951A136D49009BB8BE /* Build configuration list for PBXNativeTarget "Last.fm FinderTests" */ = {
			isa = XCConfigurationList;
			buildConfigurations = (
				80322E961A136D49009BB8BE /* Debug */,
				80322E971A136D49009BB8BE /* Release */,
			);
			defaultConfigurationIsVisible = 0;
			defaultConfigurationName = Release;
		};
/* End XCConfigurationList section */

/* Begin XCVersionGroup section */
		80322E771A136D49009BB8BE /* Last_fm_Finder.xcdatamodeld */ = {
			isa = XCVersionGroup;
			children = (
				80322E781A136D49009BB8BE /* Last_fm_Finder.xcdatamodel */,
			);
			currentVersion = 80322E781A136D49009BB8BE /* Last_fm_Finder.xcdatamodel */;
			path = Last_fm_Finder.xcdatamodeld;
			sourceTree = "<group>";
			versionGroupType = wrapper.xcdatamodel;
		};
/* End XCVersionGroup section */
	};
	rootObject = 80322E681A136D49009BB8BE /* Project object */;
}
